
Microsoft Visual Studio Solution File, Format Version 12.00
# Visual Studio Version 16
VisualStudioVersion = 16.0.29613.14
MinimumVisualStudioVersion = 10.0.40219.1
Project("{FAE04EC0-301F-11D3-BF4B-00C04F79EFBC}") = "MiamiV_RolePlay", "MiamiV_RolePlay\MiamiV_RolePlay.csproj", "{4D8576A2-DADE-4958-BAE8-D6312120D6CD}"
EndProject
Global
	GlobalSection(SolutionConfigurationPlatforms) = preSolution
		Debug|Any CPU = Debug|Any CPU
		Release|Any CPU = Release|Any CPU
	EndGlobalSection
	GlobalSection(ProjectConfigurationPlatforms) = postSolution
		{4D8576A2-DADE-4958-BAE8-D6312120D6CD}.Debug|Any CPU.ActiveCfg = Debug|Any CPU
		{4D8576A2-DADE-4958-BAE8-D6312120D6CD}.Debug|Any CPU.Build.0 = Debug|Any CPU
		{4D8576A2-DADE-4958-BAE8-D6312120D6CD}.Release|Any CPU.ActiveCfg = Release|Any CPU
		{4D8576A2-DADE-4958-BAE8-D6312120D6CD}.Release|Any CPU.Build.0 = Release|Any CPU
	EndGlobalSection
	GlobalSection(SolutionProperties) = preSolution
		HideSolutionNode = FALSE
	EndGlobalSection
	GlobalSection(ExtensibilityGlobals) = postSolution
		SolutionGuid = {22C95BBB-C2D5-4A5D-ADB5-EEE2ED543F4A}
	EndGlobalSection
EndGlobal
